PODS:
  - Expecta (1.0.6)
  - Expecta+Snapshots (3.1.1):
    - Expecta (~> 1.0)
    - FBSnapshotTestCase/Core (~> 2.0)
    - Specta (~> 1.0)
  - FBSnapshotTestCase (2.1.4):
    - FBSnapshotTestCase/SwiftSupport (= 2.1.4)
  - FBSnapshotTestCase/Core (2.1.4)
  - FBSnapshotTestCase/SwiftSupport (2.1.4):
    - FBSnapshotTestCase/Core
  - MamboSerialization (0.1.1):
    - MamboSerialization/Core (= 0.1.1)
  - MamboSerialization/Core (0.1.1)
  - Specta (1.0.6)

DEPENDENCIES:
  - Expecta
  - Expecta+Snapshots
  - FBSnapshotTestCase
  - MamboSerialization (from `../`)
  - Specta

EXTERNAL SOURCES:
  MamboSerialization:
    :path: "../"

SPEC CHECKSUMS:
  Expecta: 3b6bd90a64b9a1dcb0b70aa0e10a7f8f631667d5
  Expecta+Snapshots: dcff217eef506dabd6dfdc7864ea2da321fafbb8
  FBSnapshotTestCase: '094f9f314decbabe373b87cc339bea235a63e07a'
  MamboSerialization: de61f3b1ba647b3f6546aed056d81333ee2627f5
  Specta: f506f3a8361de16bc0dcf3b17b75e269072ba465

PODFILE CHECKSUM: 647ef4d6f1d564ddb2b8f92be0bc45b7b35368c0

COCOAPODS: 1.2.1
