// !$*UTF8*$!
{
	archiveVersion = 1;
	classes = {
	};
	objectVersion = 46;
	objects = {

/* Begin PBXAggregateTarget section */
		0C144E5A1F44E7BA009B03A5 /* Universal */ = {
			isa = PBXAggregateTarget;
			buildConfigurationList = 0C144E5D1F44E7BA009B03A5 /* Build configuration list for PBXAggregateTarget "Universal" */;
			buildPhases = (
				0C144E5E1F44E83D009B03A5 /* Build Frameworks Script */,
			);
			dependencies = (
			);
			name = Universal;
			productName = Universal;
		};
/* End PBXAggregateTarget section */

/* Begin PBXBuildFile section */
		0C144E451F44E32D009B03A5 /* MamboSerialization.h in Headers */ = {isa = PBXBuildFile; fileRef = 0C144E431F44E32D009B03A5 /* MamboSerialization.h */; settings = {ATTRIBUTES = (Public, ); }; };
		0C144E671F44F41D009B03A5 /* MBOInspectableModel.h in Headers */ = {isa = PBXBuildFile; fileRef = 0C144E611F44F41D009B03A5 /* MBOInspectableModel.h */; settings = {ATTRIBUTES = (Public, ); }; };
		0C144E681F44F41D009B03A5 /* MBOInspectableModel.m in Sources */ = {isa = PBXBuildFile; fileRef = 0C144E621F44F41D009B03A5 /* MBOInspectableModel.m */; };
		0C144E691F44F41D009B03A5 /* MBOInspectableObject.h in Headers */ = {isa = PBXBuildFile; fileRef = 0C144E631F44F41D009B03A5 /* MBOInspectableObject.h */; settings = {ATTRIBUTES = (Public, ); }; };
		0C144E6A1F44F41D009B03A5 /* MBOJSONSerializationParse.h in Headers */ = {isa = PBXBuildFile; fileRef = 0C144E651F44F41D009B03A5 /* MBOJSONSerializationParse.h */; settings = {ATTRIBUTES = (Public, ); }; };
		0C144E6B1F44F41D009B03A5 /* MBOJSONSerializationParse.m in Sources */ = {isa = PBXBuildFile; fileRef = 0C144E661F44F41D009B03A5 /* MBOJSONSerializationParse.m */; };
		0CF9D7DF1FFEDE8D00DF6F8E /* MamboSerializationTests.m in Sources */ = {isa = PBXBuildFile; fileRef = 0CF9D7DE1FFEDE8D00DF6F8E /* MamboSerializationTests.m */; };
		0CF9D7E11FFEDE8D00DF6F8E /* MamboSerialization.framework in Frameworks */ = {isa = PBXBuildFile; fileRef = 0C144E401F44E32D009B03A5 /* MamboSerialization.framework */; };
		0CF9D7EB1FFEE9D900DF6F8E /* quizDetail.json in Resources */ = {isa = PBXBuildFile; fileRef = 0CF9D7E81FFEE9D900DF6F8E /* quizDetail.json */; };
		0CF9D7EC1FFEE9D900DF6F8E /* quizActive.json in Resources */ = {isa = PBXBuildFile; fileRef = 0CF9D7E91FFEE9D900DF6F8E /* quizActive.json */; };
		0CF9D7ED1FFEE9D900DF6F8E /* quizzes.json in Resources */ = {isa = PBXBuildFile; fileRef = 0CF9D7EA1FFEE9D900DF6F8E /* quizzes.json */; };
		0CF9D7F01FFEE9FC00DF6F8E /* SAOMeQuiz.m in Sources */ = {isa = PBXBuildFile; fileRef = 0CF9D7EE1FFEE9FB00DF6F8E /* SAOMeQuiz.m */; };
		0CF9D7F51FFF004700DF6F8E /* SAOMeQuizQuestion.m in Sources */ = {isa = PBXBuildFile; fileRef = 0CF9D7F31FFF004700DF6F8E /* SAOMeQuizQuestion.m */; };
		0CF9D7F61FFF004700DF6F8E /* SAOMeQuizAnswer.m in Sources */ = {isa = PBXBuildFile; fileRef = 0CF9D7F41FFF004700DF6F8E /* SAOMeQuizAnswer.m */; };
		D90F83E86436E03DB0A95CE1 /* Pods_MamboSerializationTests.framework in Frameworks */ = {isa = PBXBuildFile; fileRef = 9C7928DB2081A81A17ED8B09 /* Pods_MamboSerializationTests.framework */; };
		ED957EEB4C38D2F42BB4E419 /* Pods_MamboSerialization.framework in Frameworks */ = {isa = PBXBuildFile; fileRef = A4466B693F17123E3035F63D /* Pods_MamboSerialization.framework */; };
/* End PBXBuildFile section */

/* Begin PBXContainerItemProxy section */
		0CF9D7E21FFEDE8D00DF6F8E /* PBXContainerItemProxy */ = {
			isa = PBXContainerItemProxy;
			containerPortal = 0C144E371F44E32D009B03A5 /* Project object */;
			proxyType = 1;
			remoteGlobalIDString = 0C144E3F1F44E32D009B03A5;
			remoteInfo = MamboSerialization;
		};
/* End PBXContainerItemProxy section */

/* Begin PBXFileReference section */
		0C144E401F44E32D009B03A5 /* MamboSerialization.framework */ = {isa = PBXFileReference; explicitFileType = wrapper.framework; includeInIndex = 0; path = MamboSerialization.framework; sourceTree = BUILT_PRODUCTS_DIR; };
		0C144E431F44E32D009B03A5 /* MamboSerialization.h */ = {isa = PBXFileReference; lastKnownFileType = sourcecode.c.h; path = MamboSerialization.h; sourceTree = "<group>"; };
		0C144E441F44E32D009B03A5 /* Info.plist */ = {isa = PBXFileReference; lastKnownFileType = text.plist.xml; path = Info.plist; sourceTree = "<group>"; };
		0C144E581F44E5EE009B03A5 /* build_frameworks.sh */ = {isa = PBXFileReference; fileEncoding = 4; lastKnownFileType = text.script.sh; path = build_frameworks.sh; sourceTree = "<group>"; };
		0C144E611F44F41D009B03A5 /* MBOInspectableModel.h */ = {isa = PBXFileReference; fileEncoding = 4; lastKnownFileType = sourcecode.c.h; path = MBOInspectableModel.h; sourceTree = "<group>"; };
		0C144E621F44F41D009B03A5 /* MBOInspectableModel.m */ = {isa = PBXFileReference; fileEncoding = 4; lastKnownFileType = sourcecode.c.objc; path = MBOInspectableModel.m; sourceTree = "<group>"; };
		0C144E631F44F41D009B03A5 /* MBOInspectableObject.h */ = {isa = PBXFileReference; fileEncoding = 4; lastKnownFileType = sourcecode.c.h; path = MBOInspectableObject.h; sourceTree = "<group>"; };
		0C144E651F44F41D009B03A5 /* MBOJSONSerializationParse.h */ = {isa = PBXFileReference; fileEncoding = 4; lastKnownFileType = sourcecode.c.h; path = MBOJSONSerializationParse.h; sourceTree = "<group>"; };
		0C144E661F44F41D009B03A5 /* MBOJSONSerializationParse.m */ = {isa = PBXFileReference; fileEncoding = 4; lastKnownFileType = sourcecode.c.objc; path = MBOJSONSerializationParse.m; sourceTree = "<group>"; };
		0CF9D7DC1FFEDE8D00DF6F8E /* MamboSerializationTests.xctest */ = {isa = PBXFileReference; explicitFileType = wrapper.cfbundle; includeInIndex = 0; path = MamboSerializationTests.xctest; sourceTree = BUILT_PRODUCTS_DIR; };
		0CF9D7DE1FFEDE8D00DF6F8E /* MamboSerializationTests.m */ = {isa = PBXFileReference; lastKnownFileType = sourcecode.c.objc; path = MamboSerializationTests.m; sourceTree = "<group>"; };
		0CF9D7E01FFEDE8D00DF6F8E /* Info.plist */ = {isa = PBXFileReference; lastKnownFileType = text.plist.xml; path = Info.plist; sourceTree = "<group>"; };
		0CF9D7E81FFEE9D900DF6F8E /* quizDetail.json */ = {isa = PBXFileReference; fileEncoding = 4; lastKnownFileType = text.json; path = quizDetail.json; sourceTree = "<group>"; };
		0CF9D7E91FFEE9D900DF6F8E /* quizActive.json */ = {isa = PBXFileReference; fileEncoding = 4; lastKnownFileType = text.json; path = quizActive.json; sourceTree = "<group>"; };
		0CF9D7EA1FFEE9D900DF6F8E /* quizzes.json */ = {isa = PBXFileReference; fileEncoding = 4; lastKnownFileType = text.json; path = quizzes.json; sourceTree = "<group>"; };
		0CF9D7EE1FFEE9FB00DF6F8E /* SAOMeQuiz.m */ = {isa = PBXFileReference; fileEncoding = 4; lastKnownFileType = sourcecode.c.objc; path = SAOMeQuiz.m; sourceTree = "<group>"; };
		0CF9D7EF1FFEE9FC00DF6F8E /* SAOMeQuiz.h */ = {isa = PBXFileReference; fileEncoding = 4; lastKnownFileType = sourcecode.c.h; path = SAOMeQuiz.h; sourceTree = "<group>"; };
		0CF9D7F11FFF004600DF6F8E /* SAOMeQuizQuestion.h */ = {isa = PBXFileReference; fileEncoding = 4; lastKnownFileType = sourcecode.c.h; path = SAOMeQuizQuestion.h; sourceTree = "<group>"; };
		0CF9D7F21FFF004600DF6F8E /* SAOMeQuizAnswer.h */ = {isa = PBXFileReference; fileEncoding = 4; lastKnownFileType = sourcecode.c.h; path = SAOMeQuizAnswer.h; sourceTree = "<group>"; };
		0CF9D7F31FFF004700DF6F8E /* SAOMeQuizQuestion.m */ = {isa = PBXFileReference; fileEncoding = 4; lastKnownFileType = sourcecode.c.objc; path = SAOMeQuizQuestion.m; sourceTree = "<group>"; };
		0CF9D7F41FFF004700DF6F8E /* SAOMeQuizAnswer.m */ = {isa = PBXFileReference; fileEncoding = 4; lastKnownFileType = sourcecode.c.objc; path = SAOMeQuizAnswer.m; sourceTree = "<group>"; };
		2D3E4DD6BD79D519D15F0724 /* Pods-MamboSerialization.debug.xcconfig */ = {isa = PBXFileReference; includeInIndex = 1; lastKnownFileType = text.xcconfig; name = "Pods-MamboSerialization.debug.xcconfig"; path = "Pods/Target Support Files/Pods-MamboSerialization/Pods-MamboSerialization.debug.xcconfig"; sourceTree = "<group>"; };
		6A127359DF3EF76655EBC0D6 /* Pods-MamboSerializationTests.release.xcconfig */ = {isa = PBXFileReference; includeInIndex = 1; lastKnownFileType = text.xcconfig; name = "Pods-MamboSerializationTests.release.xcconfig"; path = "Pods/Target Support Files/Pods-MamboSerializationTests/Pods-MamboSerializationTests.release.xcconfig"; sourceTree = "<group>"; };
		9C7928DB2081A81A17ED8B09 /* Pods_MamboSerializationTests.framework */ = {isa = PBXFileReference; explicitFileType = wrapper.framework; includeInIndex = 0; path = Pods_MamboSerializationTests.framework; sourceTree = BUILT_PRODUCTS_DIR; };
		A4466B693F17123E3035F63D /* Pods_MamboSerialization.framework */ = {isa = PBXFileReference; explicitFileType = wrapper.framework; includeInIndex = 0; path = Pods_MamboSerialization.framework; sourceTree = BUILT_PRODUCTS_DIR; };
		ABE962E2185F394C5F273CBC /* Pods-MamboSerialization.release.xcconfig */ = {isa = PBXFileReference; includeInIndex = 1; lastKnownFileType = text.xcconfig; name = "Pods-MamboSerialization.release.xcconfig"; path = "Pods/Target Support Files/Pods-MamboSerialization/Pods-MamboSerialization.release.xcconfig"; sourceTree = "<group>"; };
		D8EB2AB5E076730578C52A33 /* Pods-MamboSerializationTests.debug.xcconfig */ = {isa = PBXFileReference; includeInIndex = 1; lastKnownFileType = text.xcconfig; name = "Pods-MamboSerializationTests.debug.xcconfig"; path = "Pods/Target Support Files/Pods-MamboSerializationTests/Pods-MamboSerializationTests.debug.xcconfig"; sourceTree = "<group>"; };
/* End PBXFileReference section */

/* Begin PBXFrameworksBuildPhase section */
		0C144E3C1F44E32D009B03A5 /* Frameworks */ = {
			isa = PBXFrameworksBuildPhase;
			buildActionMask = 2147483647;
			files = (
				ED957EEB4C38D2F42BB4E419 /* Pods_MamboSerialization.framework in Frameworks */,
			);
			runOnlyForDeploymentPostprocessing = 0;
		};
		0CF9D7D91FFEDE8D00DF6F8E /* Frameworks */ = {
			isa = PBXFrameworksBuildPhase;
			buildActionMask = 2147483647;
			files = (
				0CF9D7E11FFEDE8D00DF6F8E /* MamboSerialization.framework in Frameworks */,
				D90F83E86436E03DB0A95CE1 /* Pods_MamboSerializationTests.framework in Frameworks */,
			);
			runOnlyForDeploymentPostprocessing = 0;
		};
/* End PBXFrameworksBuildPhase section */

/* Begin PBXGroup section */
		0C144E361F44E32D009B03A5 = {
			isa = PBXGroup;
			children = (
				0C144E571F44E5EE009B03A5 /* Scripts */,
				0C144E421F44E32D009B03A5 /* MamboSerialization */,
				0CF9D7DD1FFEDE8D00DF6F8E /* MamboSerializationTests */,
				0C144E411F44E32D009B03A5 /* Products */,
				F570D1BE854AC8169415531E /* Pods */,
				637CF3A852E2FEFF5554305B /* Frameworks */,
			);
			sourceTree = "<group>";
		};
		0C144E411F44E32D009B03A5 /* Products */ = {
			isa = PBXGroup;
			children = (
				0C144E401F44E32D009B03A5 /* MamboSerialization.framework */,
				0CF9D7DC1FFEDE8D00DF6F8E /* MamboSerializationTests.xctest */,
			);
			name = Products;
			sourceTree = "<group>";
		};
		0C144E421F44E32D009B03A5 /* MamboSerialization */ = {
			isa = PBXGroup;
			children = (
				0C144E431F44E32D009B03A5 /* MamboSerialization.h */,
				0C144E441F44E32D009B03A5 /* Info.plist */,
				0C144E5F1F44F41D009B03A5 /* Classes */,
			);
			path = MamboSerialization;
			sourceTree = "<group>";
		};
		0C144E571F44E5EE009B03A5 /* Scripts */ = {
			isa = PBXGroup;
			children = (
				0C144E581F44E5EE009B03A5 /* build_frameworks.sh */,
			);
			path = Scripts;
			sourceTree = "<group>";
		};
		0C144E5F1F44F41D009B03A5 /* Classes */ = {
			isa = PBXGroup;
			children = (
				0C144E601F44F41D009B03A5 /* Model */,
				0C144E641F44F41D009B03A5 /* Serialization */,
			);
			path = Classes;
			sourceTree = "<group>";
		};
		0C144E601F44F41D009B03A5 /* Model */ = {
			isa = PBXGroup;
			children = (
				0C144E611F44F41D009B03A5 /* MBOInspectableModel.h */,
				0C144E621F44F41D009B03A5 /* MBOInspectableModel.m */,
				0C144E631F44F41D009B03A5 /* MBOInspectableObject.h */,
			);
			path = Model;
			sourceTree = "<group>";
		};
		0C144E641F44F41D009B03A5 /* Serialization */ = {
			isa = PBXGroup;
			children = (
				0C144E651F44F41D009B03A5 /* MBOJSONSerializationParse.h */,
				0C144E661F44F41D009B03A5 /* MBOJSONSerializationParse.m */,
			);
			path = Serialization;
			sourceTree = "<group>";
		};
		0CF9D7DD1FFEDE8D00DF6F8E /* MamboSerializationTests */ = {
			isa = PBXGroup;
			children = (
				0CF9D7EF1FFEE9FC00DF6F8E /* SAOMeQuiz.h */,
				0CF9D7EE1FFEE9FB00DF6F8E /* SAOMeQuiz.m */,
				0CF9D7F21FFF004600DF6F8E /* SAOMeQuizAnswer.h */,
				0CF9D7F41FFF004700DF6F8E /* SAOMeQuizAnswer.m */,
				0CF9D7F11FFF004600DF6F8E /* SAOMeQuizQuestion.h */,
				0CF9D7F31FFF004700DF6F8E /* SAOMeQuizQuestion.m */,
				0CF9D7E71FFEE9D900DF6F8E /* Fixture */,
				0CF9D7DE1FFEDE8D00DF6F8E /* MamboSerializationTests.m */,
				0CF9D7E01FFEDE8D00DF6F8E /* Info.plist */,
			);
			path = MamboSerializationTests;
			sourceTree = "<group>";
		};
		0CF9D7E71FFEE9D900DF6F8E /* Fixture */ = {
			isa = PBXGroup;
			children = (
				0CF9D7E81FFEE9D900DF6F8E /* quizDetail.json */,
				0CF9D7E91FFEE9D900DF6F8E /* quizActive.json */,
				0CF9D7EA1FFEE9D900DF6F8E /* quizzes.json */,
			);
			path = Fixture;
			sourceTree = "<group>";
		};
		637CF3A852E2FEFF5554305B /* Frameworks */ = {
			isa = PBXGroup;
			children = (
				A4466B693F17123E3035F63D /* Pods_MamboSerialization.framework */,
				9C7928DB2081A81A17ED8B09 /* Pods_MamboSerializationTests.framework */,
			);
			name = Frameworks;
			sourceTree = "<group>";
		};
		F570D1BE854AC8169415531E /* Pods */ = {
			isa = PBXGroup;
			children = (
				2D3E4DD6BD79D519D15F0724 /* Pods-MamboSerialization.debug.xcconfig */,
				ABE962E2185F394C5F273CBC /* Pods-MamboSerialization.release.xcconfig */,
				D8EB2AB5E076730578C52A33 /* Pods-MamboSerializationTests.debug.xcconfig */,
				6A127359DF3EF76655EBC0D6 /* Pods-MamboSerializationTests.release.xcconfig */,
			);
			name = Pods;
			sourceTree = "<group>";
		};
/* End PBXGroup section */

/* Begin PBXHeadersBuildPhase section */
		0C144E3D1F44E32D009B03A5 /* Headers */ = {
			isa = PBXHeadersBuildPhase;
			buildActionMask = 2147483647;
			files = (
				0C144E671F44F41D009B03A5 /* MBOInspectableModel.h in Headers */,
				0C144E691F44F41D009B03A5 /* MBOInspectableObject.h in Headers */,
				0C144E6A1F44F41D009B03A5 /* MBOJSONSerializationParse.h in Headers */,
				0C144E451F44E32D009B03A5 /* MamboSerialization.h in Headers */,
			);
			runOnlyForDeploymentPostprocessing = 0;
		};
/* End PBXHeadersBuildPhase section */

/* Begin PBXNativeTarget section */
		0C144E3F1F44E32D009B03A5 /* MamboSerialization */ = {
			isa = PBXNativeTarget;
			buildConfigurationList = 0C144E481F44E32D009B03A5 /* Build configuration list for PBXNativeTarget "MamboSerialization" */;
			buildPhases = (
				5D1E7C3AC11294BD07146389 /* [CP] Check Pods Manifest.lock */,
				0C144E3B1F44E32D009B03A5 /* Sources */,
				0C144E3C1F44E32D009B03A5 /* Frameworks */,
				0C144E3D1F44E32D009B03A5 /* Headers */,
				0C144E3E1F44E32D009B03A5 /* Resources */,
			);
			buildRules = (
			);
			dependencies = (
			);
			name = MamboSerialization;
			productName = MamboSerialization;
			productReference = 0C144E401F44E32D009B03A5 /* MamboSerialization.framework */;
			productType = "com.apple.product-type.framework";
		};
		0CF9D7DB1FFEDE8D00DF6F8E /* MamboSerializationTests */ = {
			isa = PBXNativeTarget;
			buildConfigurationList = 0CF9D7E61FFEDE8D00DF6F8E /* Build configuration list for PBXNativeTarget "MamboSerializationTests" */;
			buildPhases = (
				69829302236738B206A90B97 /* [CP] Check Pods Manifest.lock */,
				0CF9D7D81FFEDE8D00DF6F8E /* Sources */,
				0CF9D7D91FFEDE8D00DF6F8E /* Frameworks */,
				0CF9D7DA1FFEDE8D00DF6F8E /* Resources */,
				176808CDD6C0A952444BFF93 /* [CP] Embed Pods Frameworks */,
			);
			buildRules = (
			);
			dependencies = (
				0CF9D7E31FFEDE8D00DF6F8E /* PBXTargetDependency */,
			);
			name = MamboSerializationTests;
			productName = MamboSerializationTests;
			productReference = 0CF9D7DC1FFEDE8D00DF6F8E /* MamboSerializationTests.xctest */;
			productType = "com.apple.product-type.bundle.unit-test";
		};
/* End PBXNativeTarget section */

/* Begin PBXProject section */
		0C144E371F44E32D009B03A5 /* Project object */ = {
			isa = PBXProject;
			attributes = {
				LastUpgradeCheck = 0830;
				ORGANIZATIONNAME = Mambo;
				TargetAttributes = {
					0C144E3F1F44E32D009B03A5 = {
						CreatedOnToolsVersion = 8.3.3;
						DevelopmentTeam = 2H7JJNVPU3;
						ProvisioningStyle = Automatic;
					};
					0C144E5A1F44E7BA009B03A5 = {
						CreatedOnToolsVersion = 8.3.3;
						DevelopmentTeam = 2H7JJNVPU3;
						ProvisioningStyle = Automatic;
					};
					0CF9D7DB1FFEDE8D00DF6F8E = {
						CreatedOnToolsVersion = 9.2;
						DevelopmentTeam = RR3DNT46LH;
						ProvisioningStyle = Automatic;
					};
				};
			};
			buildConfigurationList = 0C144E3A1F44E32D009B03A5 /* Build configuration list for PBXProject "MamboSerialization" */;
			compatibilityVersion = "Xcode 3.2";
			developmentRegion = English;
			hasScannedForEncodings = 0;
			knownRegions = (
				en,
			);
			mainGroup = 0C144E361F44E32D009B03A5;
			productRefGroup = 0C144E411F44E32D009B03A5 /* Products */;
			projectDirPath = "";
			projectRoot = "";
			targets = (
				0C144E3F1F44E32D009B03A5 /* MamboSerialization */,
				0C144E5A1F44E7BA009B03A5 /* Universal */,
				0CF9D7DB1FFEDE8D00DF6F8E /* MamboSerializationTests */,
			);
		};
/* End PBXProject section */

/* Begin PBXResourcesBuildPhase section */
		0C144E3E1F44E32D009B03A5 /* Resources */ = {
			isa = PBXResourcesBuildPhase;
			buildActionMask = 2147483647;
			files = (
			);
			runOnlyForDeploymentPostprocessing = 0;
		};
		0CF9D7DA1FFEDE8D00DF6F8E /* Resources */ = {
			isa = PBXResourcesBuildPhase;
			buildActionMask = 2147483647;
			files = (
				0CF9D7EC1FFEE9D900DF6F8E /* quizActive.json in Resources */,
				0CF9D7EB1FFEE9D900DF6F8E /* quizDetail.json in Resources */,
				0CF9D7ED1FFEE9D900DF6F8E /* quizzes.json in Resources */,
			);
			runOnlyForDeploymentPostprocessing = 0;
		};
/* End PBXResourcesBuildPhase section */

/* Begin PBXShellScriptBuildPhase section */
		0C144E5E1F44E83D009B03A5 /* Build Frameworks Script */ = {
			isa = PBXShellScriptBuildPhase;
			buildActionMask = 2147483647;
			files = (
			);
			inputPaths = (
			);
			name = "Build Frameworks Script";
			outputPaths = (
			);
			runOnlyForDeploymentPostprocessing = 0;
			shellPath = /bin/sh;
			shellScript = "set -e\n######################\n# Avoid recursively calling this script.\n######################\nset +u\nif [[ $SF_MASTER_SCRIPT_RUNNING ]]\nthen\nexit 0\nfi\nset -u\nexport SF_MASTER_SCRIPT_RUNNING=1\n\n######################\n# Options\n######################\n\nREVEAL_ARCHIVE_IN_FINDER=false\n\nFRAMEWORK_NAME=\"${PROJECT_NAME}\"\n\nSIMULATOR_LIBRARY_PATH=\"${BUILD_DIR}/${CONFIGURATION}-iphonesimulator/${FRAMEWORK_NAME}.framework\"\n\nDEVICE_LIBRARY_PATH=\"${BUILD_DIR}/${CONFIGURATION}-iphoneos/${FRAMEWORK_NAME}.framework\"\n\nUNIVERSAL_LIBRARY_DIR=\"${BUILD_DIR}/${CONFIGURATION}-iphoneuniversal\"\n\nFRAMEWORK=\"${UNIVERSAL_LIBRARY_DIR}/${FRAMEWORK_NAME}.framework\"\n\n\n######################\n# Build Frameworks\n######################\n\nxcodebuild -workspace ${PROJECT_NAME}.xcworkspace -scheme ${PROJECT_NAME} -sdk iphonesimulator -configuration ${CONFIGURATION} OTHER_CFLAGS=\"-fembed-bitcode\" clean build CONFIGURATION_BUILD_DIR=${BUILD_DIR}/${CONFIGURATION}-iphonesimulator 2>&1\n\nxcodebuild -workspace ${PROJECT_NAME}.xcworkspace -scheme ${PROJECT_NAME} -sdk iphoneos -configuration ${CONFIGURATION} OTHER_CFLAGS=\"-fembed-bitcode\" clean build CONFIGURATION_BUILD_DIR=${BUILD_DIR}/${CONFIGURATION}-iphoneos 2>&1\n\n######################\n# Create directory for universal\n######################\n\nrm -rf \"${UNIVERSAL_LIBRARY_DIR}\"\n\nmkdir \"${UNIVERSAL_LIBRARY_DIR}\"\n\nmkdir \"${FRAMEWORK}\"\n\n\n######################\n# Copy files Framework\n######################\n\ncp -r \"${DEVICE_LIBRARY_PATH}/.\" \"${FRAMEWORK}\"\n\n\n######################\n# Make an universal binary\n######################\n\nlipo \"${SIMULATOR_LIBRARY_PATH}/${FRAMEWORK_NAME}\" \"${DEVICE_LIBRARY_PATH}/${FRAMEWORK_NAME}\" -create -output \"${FRAMEWORK}/${FRAMEWORK_NAME}\" | echo\n\n# For Swift framework, Swiftmodule needs to be copied in the universal framework\nif [ -d \"${SIMULATOR_LIBRARY_PATH}/Modules/${FRAMEWORK_NAME}.swiftmodule/\" ]; then\ncp -f ${SIMULATOR_LIBRARY_PATH}/Modules/${FRAMEWORK_NAME}.swiftmodule/* \"${FRAMEWORK}/Modules/${FRAMEWORK_NAME}.swiftmodule/\" | echo\n                                                                      fi\n                                                                      \n                                                                      if [ -d \"${DEVICE_LIBRARY_PATH}/Modules/${FRAMEWORK_NAME}.swiftmodule/\" ]; then\n                                                                      cp -f ${DEVICE_LIBRARY_PATH}/Modules/${FRAMEWORK_NAME}.swiftmodule/* \"${FRAMEWORK}/Modules/${FRAMEWORK_NAME}.swiftmodule/\" | echo\n                                                                      fi\n                                                                      \n                                                                      ######################\n                                                                      # On Release, copy the result to release directory\n                                                                      ######################\n                                                                      #echo \"start output\"\n                                                                      #echo \"output universal\"\n                                                                      #BASE_DIR_OUTPUT=\"${PROJECT_DIR}/Frameworks\"\n                                                                      BASE_DIR_OUTPUT=\"${PROJECT_DIR}/../${FRAMEWORK_NAME}/Frameworks\"\n                                                                      rm -rf \"${BASE_DIR_OUTPUT}\"\n                                                                      \n                                                                      OUTPUT_DIR_UNIVERSAL=\"${BASE_DIR_OUTPUT}/${FRAMEWORK_NAME}-${CONFIGURATION}-iphoneuniversal/\"\n                                                                      \n                                                                      rm -rf \"${OUTPUT_DIR_UNIVERSAL}\"\n                                                                      mkdir -p \"${OUTPUT_DIR_UNIVERSAL}\"\n                                                                      \n                                                                      cp -r \"${FRAMEWORK}\" \"${OUTPUT_DIR_UNIVERSAL}\"\n                                                                      #mv \"${OUTPUT_DIR_UNIVERSAL}${FRAMEWORK_NAME}.framework\" \"${OUTPUT_DIR_UNIVERSAL}${FRAMEWORK_NAME}.framework\"\n                                                                      \n                                                                      #echo \"output simulator\"\n                                                                      OUTPUT_DIR_SIMULATOR=\"${BASE_DIR_OUTPUT}/${FRAMEWORK_NAME}-${CONFIGURATION}-iphonesimulator/\"\n                                                                      \n                                                                      rm -rf \"$OUTPUT_DIR_SIMULATOR\"\n                                                                      mkdir -p \"$OUTPUT_DIR_SIMULATOR\"\n                                                                      \n                                                                      cp -r \"${SIMULATOR_LIBRARY_PATH}\" \"${OUTPUT_DIR_SIMULATOR}\"\n                                                                      \n                                                                      #echo \"output iphoneos\"\n                                                                      OUTPUT_DIR_IPHONEOS=\"$BASE_DIR_OUTPUT/${FRAMEWORK_NAME}-${CONFIGURATION}-iphoneos/\"\n                                                                      \n                                                                      rm -rf \"${OUTPUT_DIR_IPHONEOS}\"\n                                                                      mkdir -p \"${OUTPUT_DIR_IPHONEOS}\"\n                                                                      \n                                                                      cp -r \"${DEVICE_LIBRARY_PATH}\" \"${OUTPUT_DIR_IPHONEOS}\"\n                                                                      \n                                                                      #echo \"finder\"\n                                                                      if [ ${REVEAL_ARCHIVE_IN_FINDER} = true ]; then\n                                                                      open \"${BASE_DIR_OUTPUT}\"\n                                                                      fi";
		};
		176808CDD6C0A952444BFF93 /* [CP] Embed Pods Frameworks */ = {
			isa = PBXShellScriptBuildPhase;
			buildActionMask = 2147483647;
			files = (
			);
			inputPaths = (
				"${SRCROOT}/Pods/Target Support Files/Pods-MamboSerializationTests/Pods-MamboSerializationTests-frameworks.sh",
				"${BUILT_PRODUCTS_DIR}/Expecta/Expecta.framework",
				"${BUILT_PRODUCTS_DIR}/OCMock/OCMock.framework",
				"${BUILT_PRODUCTS_DIR}/Specta/Specta.framework",
			);
			name = "[CP] Embed Pods Frameworks";
			outputPaths = (
				"${TARGET_BUILD_DIR}/${FRAMEWORKS_FOLDER_PATH}/Expecta.framework",
				"${TARGET_BUILD_DIR}/${FRAMEWORKS_FOLDER_PATH}/OCMock.framework",
				"${TARGET_BUILD_DIR}/${FRAMEWORKS_FOLDER_PATH}/Specta.framework",
			);
			runOnlyForDeploymentPostprocessing = 0;
			shellPath = /bin/sh;
			shellScript = "\"${SRCROOT}/Pods/Target Support Files/Pods-MamboSerializationTests/Pods-MamboSerializationTests-frameworks.sh\"\n";
			showEnvVarsInLog = 0;
		};
		5D1E7C3AC11294BD07146389 /* [CP] Check Pods Manifest.lock */ = {
			isa = PBXShellScriptBuildPhase;
			buildActionMask = 2147483647;
			files = (
			);
			inputPaths = (
				"${PODS_PODFILE_DIR_PATH}/Podfile.lock",
				"${PODS_ROOT}/Manifest.lock",
			);
			name = "[CP] Check Pods Manifest.lock";
			outputPaths = (
				"$(DERIVED_FILE_DIR)/Pods-MamboSerialization-checkManifestLockResult.txt",
			);
			runOnlyForDeploymentPostprocessing = 0;
			shellPath = /bin/sh;
			shellScript = "diff \"${PODS_PODFILE_DIR_PATH}/Podfile.lock\" \"${PODS_ROOT}/Manifest.lock\" > /dev/null\nif [ $? != 0 ] ; then\n    # print error to STDERR\n    echo \"error: The sandbox is not in sync with the Podfile.lock. Run 'pod install' or update your CocoaPods installation.\" >&2\n    exit 1\nfi\n# This output is used by Xcode 'outputs' to avoid re-running this script phase.\necho \"SUCCESS\" > \"${SCRIPT_OUTPUT_FILE_0}\"\n";
			showEnvVarsInLog = 0;
		};
		69829302236738B206A90B97 /* [CP] Check Pods Manifest.lock */ = {
			isa = PBXShellScriptBuildPhase;
			buildActionMask = 2147483647;
			files = (
			);
			inputPaths = (
				"${PODS_PODFILE_DIR_PATH}/Podfile.lock",
				"${PODS_ROOT}/Manifest.lock",
			);
			name = "[CP] Check Pods Manifest.lock";
			outputPaths = (
				"$(DERIVED_FILE_DIR)/Pods-MamboSerializationTests-checkManifestLockResult.txt",
			);
			runOnlyForDeploymentPostprocessing = 0;
			shellPath = /bin/sh;
			shellScript = "diff \"${PODS_PODFILE_DIR_PATH}/Podfile.lock\" \"${PODS_ROOT}/Manifest.lock\" > /dev/null\nif [ $? != 0 ] ; then\n    # print error to STDERR\n    echo \"error: The sandbox is not in sync with the Podfile.lock. Run 'pod install' or update your CocoaPods installation.\" >&2\n    exit 1\nfi\n# This output is used by Xcode 'outputs' to avoid re-running this script phase.\necho \"SUCCESS\" > \"${SCRIPT_OUTPUT_FILE_0}\"\n";
			showEnvVarsInLog = 0;
		};
/* End PBXShellScriptBuildPhase section */

/* Begin PBXSourcesBuildPhase section */
		0C144E3B1F44E32D009B03A5 /* Sources */ = {
			isa = PBXSourcesBuildPhase;
			buildActionMask = 2147483647;
			files = (
				0C144E681F44F41D009B03A5 /* MBOInspectableModel.m in Sources */,
				0C144E6B1F44F41D009B03A5 /* MBOJSONSerializationParse.m in Sources */,
			);
			runOnlyForDeploymentPostprocessing = 0;
		};
		0CF9D7D81FFEDE8D00DF6F8E /* Sources */ = {
			isa = PBXSourcesBuildPhase;
			buildActionMask = 2147483647;
			files = (
				0CF9D7F01FFEE9FC00DF6F8E /* SAOMeQuiz.m in Sources */,
				0CF9D7F51FFF004700DF6F8E /* SAOMeQuizQuestion.m in Sources */,
				0CF9D7F61FFF004700DF6F8E /* SAOMeQuizAnswer.m in Sources */,
				0CF9D7DF1FFEDE8D00DF6F8E /* MamboSerializationTests.m in Sources */,
			);
			runOnlyForDeploymentPostprocessing = 0;
		};
/* End PBXSourcesBuildPhase section */

/* Begin PBXTargetDependency section */
		0CF9D7E31FFEDE8D00DF6F8E /* PBXTargetDependency */ = {
			isa = PBXTargetDependency;
			target = 0C144E3F1F44E32D009B03A5 /* MamboSerialization */;
			targetProxy = 0CF9D7E21FFEDE8D00DF6F8E /* PBXContainerItemProxy */;
		};
/* End PBXTargetDependency section */

/* Begin XCBuildConfiguration section */
		0C144E461F44E32D009B03A5 /* Debug */ = {
			isa = XCBuildConfiguration;
			buildSettings = {
				ALWAYS_SEARCH_USER_PATHS = NO;
				CLANG_ANALYZER_NONNULL = YES;
				CLANG_ANALYZER_NUMBER_OBJECT_CONVERSION = YES_AGGRESSIVE;
				CLANG_CXX_LANGUAGE_STANDARD = "gnu++0x";
				CLANG_CXX_LIBRARY = "libc++";
				CLANG_ENABLE_MODULES = YES;
				CLANG_ENABLE_OBJC_ARC = YES;
				CLANG_WARN_BOOL_CONVERSION = YES;
				CLANG_WARN_CONSTANT_CONVERSION = YES;
				CLANG_WARN_DIRECT_OBJC_ISA_USAGE = YES_ERROR;
				CLANG_WARN_DOCUMENTATION_COMMENTS = YES;
				CLANG_WARN_EMPTY_BODY = YES;
				CLANG_WARN_ENUM_CONVERSION = YES;
				CLANG_WARN_INFINITE_RECURSION = YES;
				CLANG_WARN_INT_CONVERSION = YES;
				CLANG_WARN_OBJC_ROOT_CLASS = YES_ERROR;
				CLANG_WARN_SUSPICIOUS_MOVE = YES;
				CLANG_WARN_UNREACHABLE_CODE = YES;
				CLANG_WARN__DUPLICATE_METHOD_MATCH = YES;
				"CODE_SIGN_IDENTITY[sdk=iphoneos*]" = "iPhone Developer";
				COPY_PHASE_STRIP = NO;
				CURRENT_PROJECT_VERSION = 1;
				DEBUG_INFORMATION_FORMAT = dwarf;
				ENABLE_STRICT_OBJC_MSGSEND = YES;
				ENABLE_TESTABILITY = YES;
				GCC_C_LANGUAGE_STANDARD = gnu99;
				GCC_DYNAMIC_NO_PIC = NO;
				GCC_NO_COMMON_BLOCKS = YES;
				GCC_OPTIMIZATION_LEVEL = 0;
				GCC_PREPROCESSOR_DEFINITIONS = (
					"DEBUG=1",
					"$(inherited)",
				);
				GCC_WARN_64_TO_32_BIT_CONVERSION = YES;
				GCC_WARN_ABOUT_RETURN_TYPE = YES_ERROR;
				GCC_WARN_UNDECLARED_SELECTOR = YES;
				GCC_WARN_UNINITIALIZED_AUTOS = YES_AGGRESSIVE;
				GCC_WARN_UNUSED_FUNCTION = YES;
				GCC_WARN_UNUSED_VARIABLE = YES;
				IPHONEOS_DEPLOYMENT_TARGET = 10.3;
				MTL_ENABLE_DEBUG_INFO = YES;
				ONLY_ACTIVE_ARCH = YES;
				SDKROOT = iphoneos;
				TARGETED_DEVICE_FAMILY = "1,2";
				VERSIONING_SYSTEM = "apple-generic";
				VERSION_INFO_PREFIX = "";
			};
			name = Debug;
		};
		0C144E471F44E32D009B03A5 /* Release */ = {
			isa = XCBuildConfiguration;
			buildSettings = {
				ALWAYS_SEARCH_USER_PATHS = NO;
				CLANG_ANALYZER_NONNULL = YES;
				CLANG_ANALYZER_NUMBER_OBJECT_CONVERSION = YES_AGGRESSIVE;
				CLANG_CXX_LANGUAGE_STANDARD = "gnu++0x";
				CLANG_CXX_LIBRARY = "libc++";
				CLANG_ENABLE_MODULES = YES;
				CLANG_ENABLE_OBJC_ARC = YES;
				CLANG_WARN_BOOL_CONVERSION = YES;
				CLANG_WARN_CONSTANT_CONVERSION = YES;
				CLANG_WARN_DIRECT_OBJC_ISA_USAGE = YES_ERROR;
				CLANG_WARN_DOCUMENTATION_COMMENTS = YES;
				CLANG_WARN_EMPTY_BODY = YES;
				CLANG_WARN_ENUM_CONVERSION = YES;
				CLANG_WARN_INFINITE_RECURSION = YES;
				CLANG_WARN_INT_CONVERSION = YES;
				CLANG_WARN_OBJC_ROOT_CLASS = YES_ERROR;
				CLANG_WARN_SUSPICIOUS_MOVE = YES;
				CLANG_WARN_UNREACHABLE_CODE = YES;
				CLANG_WARN__DUPLICATE_METHOD_MATCH = YES;
				"CODE_SIGN_IDENTITY[sdk=iphoneos*]" = "iPhone Developer";
				COPY_PHASE_STRIP = NO;
				CURRENT_PROJECT_VERSION = 1;
				DEBUG_INFORMATION_FORMAT = "dwarf-with-dsym";
				ENABLE_NS_ASSERTIONS = NO;
				ENABLE_STRICT_OBJC_MSGSEND = YES;
				GCC_C_LANGUAGE_STANDARD = gnu99;
				GCC_NO_COMMON_BLOCKS = YES;
				GCC_WARN_64_TO_32_BIT_CONVERSION = YES;
				GCC_WARN_ABOUT_RETURN_TYPE = YES_ERROR;
				GCC_WARN_UNDECLARED_SELECTOR = YES;
				GCC_WARN_UNINITIALIZED_AUTOS = YES_AGGRESSIVE;
				GCC_WARN_UNUSED_FUNCTION = YES;
				GCC_WARN_UNUSED_VARIABLE = YES;
				IPHONEOS_DEPLOYMENT_TARGET = 10.3;
				MTL_ENABLE_DEBUG_INFO = NO;
				SDKROOT = iphoneos;
				TARGETED_DEVICE_FAMILY = "1,2";
				VALIDATE_PRODUCT = YES;
				VERSIONING_SYSTEM = "apple-generic";
				VERSION_INFO_PREFIX = "";
			};
			name = Release;
		};
		0C144E491F44E32D009B03A5 /* Debug */ = {
			isa = XCBuildConfiguration;
			baseConfigurationReference = 2D3E4DD6BD79D519D15F0724 /* Pods-MamboSerialization.debug.xcconfig */;
			buildSettings = {
				CODE_SIGN_IDENTITY = "";
				DEFINES_MODULE = YES;
				DEVELOPMENT_TEAM = 2H7JJNVPU3;
				DYLIB_COMPATIBILITY_VERSION = 1;
				DYLIB_CURRENT_VERSION = 1;
				DYLIB_INSTALL_NAME_BASE = "@rpath";
				INFOPLIST_FILE = MamboSerialization/Info.plist;
				INSTALL_PATH = "$(LOCAL_LIBRARY_DIR)/Frameworks";
				LD_RUNPATH_SEARCH_PATHS = "$(inherited) @executable_path/Frameworks @loader_path/Frameworks";
				PRODUCT_BUNDLE_IDENTIFIER = dev.mambo.MamboSerialization;
				PRODUCT_NAME = "$(TARGET_NAME)";
				SKIP_INSTALL = YES;
			};
			name = Debug;
		};
		0C144E4A1F44E32D009B03A5 /* Release */ = {
			isa = XCBuildConfiguration;
			baseConfigurationReference = ABE962E2185F394C5F273CBC /* Pods-MamboSerialization.release.xcconfig */;
			buildSettings = {
				CODE_SIGN_IDENTITY = "";
				DEFINES_MODULE = YES;
				DEVELOPMENT_TEAM = 2H7JJNVPU3;
				DYLIB_COMPATIBILITY_VERSION = 1;
				DYLIB_CURRENT_VERSION = 1;
				DYLIB_INSTALL_NAME_BASE = "@rpath";
				INFOPLIST_FILE = MamboSerialization/Info.plist;
				INSTALL_PATH = "$(LOCAL_LIBRARY_DIR)/Frameworks";
				LD_RUNPATH_SEARCH_PATHS = "$(inherited) @executable_path/Frameworks @loader_path/Frameworks";
				PRODUCT_BUNDLE_IDENTIFIER = dev.mambo.MamboSerialization;
				PRODUCT_NAME = "$(TARGET_NAME)";
				SKIP_INSTALL = YES;
			};
			name = Release;
		};
		0C144E5B1F44E7BA009B03A5 /* Debug */ = {
			isa = XCBuildConfiguration;
			buildSettings = {
				DEVELOPMENT_TEAM = 2H7JJNVPU3;
				PRODUCT_NAME = "$(TARGET_NAME)";
			};
			name = Debug;
		};
		0C144E5C1F44E7BA009B03A5 /* Release */ = {
			isa = XCBuildConfiguration;
			buildSettings = {
				DEVELOPMENT_TEAM = 2H7JJNVPU3;
				PRODUCT_NAME = "$(TARGET_NAME)";
			};
			name = Release;
		};
		0CF9D7E41FFEDE8D00DF6F8E /* Debug */ = {
			isa = XCBuildConfiguration;
			baseConfigurationReference = D8EB2AB5E076730578C52A33 /* Pods-MamboSerializationTests.debug.xcconfig */;
			buildSettings = {
				CLANG_CXX_LANGUAGE_STANDARD = "gnu++14";
				CLANG_WARN_BLOCK_CAPTURE_AUTORELEASING = YES;
				CLANG_WARN_COMMA = YES;
				CLANG_WARN_NON_LITERAL_NULL_CONVERSION = YES;
				CLANG_WARN_OBJC_LITERAL_CONVERSION = YES;
				CLANG_WARN_RANGE_LOOP_ANALYSIS = YES;
				CLANG_WARN_STRICT_PROTOTYPES = YES;
				CLANG_WARN_UNGUARDED_AVAILABILITY = YES_AGGRESSIVE;
				CODE_SIGN_IDENTITY = "iPhone Developer";
				CODE_SIGN_STYLE = Automatic;
				DEVELOPMENT_TEAM = RR3DNT46LH;
				GCC_C_LANGUAGE_STANDARD = gnu11;
				INFOPLIST_FILE = MamboSerializationTests/Info.plist;
				IPHONEOS_DEPLOYMENT_TARGET = 11.2;
				LD_RUNPATH_SEARCH_PATHS = "$(inherited) @executable_path/Frameworks @loader_path/Frameworks";
				PRODUCT_BUNDLE_IDENTIFIER = dev.mambo.MamboSerializationTests;
				PRODUCT_NAME = "$(TARGET_NAME)";
				TARGETED_DEVICE_FAMILY = "1,2";
			};
			name = Debug;
		};
		0CF9D7E51FFEDE8D00DF6F8E /* Release */ = {
			isa = XCBuildConfiguration;
			baseConfigurationReference = 6A127359DF3EF76655EBC0D6 /* Pods-MamboSerializationTests.release.xcconfig */;
			buildSettings = {
				CLANG_CXX_LANGUAGE_STANDARD = "gnu++14";
				CLANG_WARN_BLOCK_CAPTURE_AUTORELEASING = YES;
				CLANG_WARN_COMMA = YES;
				CLANG_WARN_NON_LITERAL_NULL_CONVERSION = YES;
				CLANG_WARN_OBJC_LITERAL_CONVERSION = YES;
				CLANG_WARN_RANGE_LOOP_ANALYSIS = YES;
				CLANG_WARN_STRICT_PROTOTYPES = YES;
				CLANG_WARN_UNGUARDED_AVAILABILITY = YES_AGGRESSIVE;
				CODE_SIGN_IDENTITY = "iPhone Developer";
				CODE_SIGN_STYLE = Automatic;
				DEVELOPMENT_TEAM = RR3DNT46LH;
				GCC_C_LANGUAGE_STANDARD = gnu11;
				INFOPLIST_FILE = MamboSerializationTests/Info.plist;
				IPHONEOS_DEPLOYMENT_TARGET = 11.2;
				LD_RUNPATH_SEARCH_PATHS = "$(inherited) @executable_path/Frameworks @loader_path/Frameworks";
				PRODUCT_BUNDLE_IDENTIFIER = dev.mambo.MamboSerializationTests;
				PRODUCT_NAME = "$(TARGET_NAME)";
				TARGETED_DEVICE_FAMILY = "1,2";
			};
			name = Release;
		};
/* End XCBuildConfiguration section */

/* Begin XCConfigurationList section */
		0C144E3A1F44E32D009B03A5 /* Build configuration list for PBXProject "MamboSerialization" */ = {
			isa = XCConfigurationList;
			buildConfigurations = (
				0C144E461F44E32D009B03A5 /* Debug */,
				0C144E471F44E32D009B03A5 /* Release */,
			);
			defaultConfigurationIsVisible = 0;
			defaultConfigurationName = Release;
		};
		0C144E481F44E32D009B03A5 /* Build configuration list for PBXNativeTarget "MamboSerialization" */ = {
			isa = XCConfigurationList;
			buildConfigurations = (
				0C144E491F44E32D009B03A5 /* Debug */,
				0C144E4A1F44E32D009B03A5 /* Release */,
			);
			defaultConfigurationIsVisible = 0;
			defaultConfigurationName = Release;
		};
		0C144E5D1F44E7BA009B03A5 /* Build configuration list for PBXAggregateTarget "Universal" */ = {
			isa = XCConfigurationList;
			buildConfigurations = (
				0C144E5B1F44E7BA009B03A5 /* Debug */,
				0C144E5C1F44E7BA009B03A5 /* Release */,
			);
			defaultConfigurationIsVisible = 0;
			defaultConfigurationName = Release;
		};
		0CF9D7E61FFEDE8D00DF6F8E /* Build configuration list for PBXNativeTarget "MamboSerializationTests" */ = {
			isa = XCConfigurationList;
			buildConfigurations = (
				0CF9D7E41FFEDE8D00DF6F8E /* Debug */,
				0CF9D7E51FFEDE8D00DF6F8E /* Release */,
			);
			defaultConfigurationIsVisible = 0;
			defaultConfigurationName = Release;
		};
/* End XCConfigurationList section */
	};
	rootObject = 0C144E371F44E32D009B03A5 /* Project object */;
}
